
Microsoft Visual Studio Solution File, Format Version 12.00
# Visual Studio 15
VisualStudioVersion = 15.0.27703.2035
MinimumVisualStudioVersion = 10.0.40219.1
Project("{FAE04EC0-301F-11D3-BF4B-00C04F79EFBC}") = "VAT Calculator", "VAT Calculator\VAT Calculator.csproj", "{817BF27B-CF84-457D-8DC0-5FF611DCB4C1}"
EndProject
Global
	GlobalSection(SolutionConfigurationPlatforms) = preSolution
		Debug|Any CPU = Debug|Any CPU
		Release|Any CPU = Release|Any CPU
	EndGlobalSection
	GlobalSection(ProjectConfigurationPlatforms) = postSolution
		{817BF27B-CF84-457D-8DC0-5FF611DCB4C1}.Debug|Any CPU.ActiveCfg = Debug|Any CPU
		{817BF27B-CF84-457D-8DC0-5FF611DCB4C1}.Debug|Any CPU.Build.0 = Debug|Any CPU
		{817BF27B-CF84-457D-8DC0-5FF611DCB4C1}.Release|Any CPU.ActiveCfg = Release|Any CPU
		{817BF27B-CF84-457D-8DC0-5FF611DCB4C1}.Release|Any CPU.Build.0 = Release|Any CPU
	EndGlobalSection
	GlobalSection(SolutionProperties) = preSolution
		HideSolutionNode = FALSE
	EndGlobalSection
	GlobalSection(ExtensibilityGlobals) = postSolution
		SolutionGuid = {A2F8B205-B87F-418C-A7F0-A68118DA7BED}
	EndGlobalSection
EndGlobal
